
Microsoft Visual Studio Solution File, Format Version 12.00
# Visual Studio Version 16
VisualStudioVersion = 16.0.29806.167
MinimumVisualStudioVersion = 10.0.40219.1
Project("{FAE04EC0-301F-11D3-BF4B-00C04F79EFBC}") = "CRUD_TEST_1", "CRUD_TEST_1.csproj", "{4451B962-B902-4462-BFF3-921CC0CDD5A1}"
EndProject
Global
	GlobalSection(SolutionConfigurationPlatforms) = preSolution
		Debug|Any CPU = Debug|Any CPU
		Release|Any CPU = Release|Any CPU
	EndGlobalSection
	GlobalSection(ProjectConfigurationPlatforms) = postSolution
		{4451B962-B902-4462-BFF3-921CC0CDD5A1}.Debug|Any CPU.ActiveCfg = Debug|Any CPU
		{4451B962-B902-4462-BFF3-921CC0CDD5A1}.Debug|Any CPU.Build.0 = Debug|Any CPU
		{4451B962-B902-4462-BFF3-921CC0CDD5A1}.Release|Any CPU.ActiveCfg = Release|Any CPU
		{4451B962-B902-4462-BFF3-921CC0CDD5A1}.Release|Any CPU.Build.0 = Release|Any CPU
	EndGlobalSection
	GlobalSection(SolutionProperties) = preSolution
		HideSolutionNode = FALSE
	EndGlobalSection
	GlobalSection(ExtensibilityGlobals) = postSolution
		SolutionGuid = {8127DEF2-8926-44EA-931C-E64935516149}
	EndGlobalSection
EndGlobal
